{
  "object": {
    "pins": [
      {
        "package": "FSCalendar",
        "repositoryURL": "/Users/andrejtrajkovski/Desktop/pabau2/pabau2/src/FSCalendarSwiftUI/FSCalendar",
        "state": {
          "branch": null,
          "revision": "f25ea6099e34b84e27da789c6026551577226505",
          "version": "1.0.0"
        }
      }
    ]
  },
  "version": 1
}
