// !$*UTF8*$!
{
	archiveVersion = 1;
	classes = {
	};
	objectVersion = 50;
	objects = {

/* Begin PBXBuildFile section */
		820961C223EBF3AF004A510A /* ForgotPasswordView.swift in Sources */ = {isa = PBXBuildFile; fileRef = 820961C123EBF3AF004A510A /* ForgotPasswordView.swift */; };
		820961D323ED881A004A510A /* ResetPassword.swift in Sources */ = {isa = PBXBuildFile; fileRef = 820961D223ED881A004A510A /* ResetPassword.swift */; };
		820961D523ED9AE2004A510A /* ActivityIndicator.swift in Sources */ = {isa = PBXBuildFile; fileRef = 820961D423ED9AE2004A510A /* ActivityIndicator.swift */; };
		820961D723ED9AF7004A510A /* LoadingView.swift in Sources */ = {isa = PBXBuildFile; fileRef = 820961D623ED9AF7004A510A /* LoadingView.swift */; };
		82811EF423E06BCB0066AFDC /* ContentView.swift in Sources */ = {isa = PBXBuildFile; fileRef = 82811EF323E06BCB0066AFDC /* ContentView.swift */; };
		82811EF623E06D730066AFDC /* Util.swift in Sources */ = {isa = PBXBuildFile; fileRef = 82811EF523E06D730066AFDC /* Util.swift */; };
		82811EF823E187700066AFDC /* Login.swift in Sources */ = {isa = PBXBuildFile; fileRef = 82811EF723E187700066AFDC /* Login.swift */; };
		82811F0023E49F090066AFDC /* TextAndTextView.swift in Sources */ = {isa = PBXBuildFile; fileRef = 82811EFF23E49F090066AFDC /* TextAndTextView.swift */; };
		82811F0223E6FAE10066AFDC /* TextFieldWithBottomLine.swift in Sources */ = {isa = PBXBuildFile; fileRef = 82811F0123E6FAE10066AFDC /* TextFieldWithBottomLine.swift */; };
		82811F0523E720570066AFDC /* LoginTitle.swift in Sources */ = {isa = PBXBuildFile; fileRef = 82811F0423E720570066AFDC /* LoginTitle.swift */; };
		82811F0723E720670066AFDC /* LoginTextFields.swift in Sources */ = {isa = PBXBuildFile; fileRef = 82811F0623E720670066AFDC /* LoginTextFields.swift */; };
		82811F0D23E955F70066AFDC /* KeyboardFollower.swift in Sources */ = {isa = PBXBuildFile; fileRef = 82811F0C23E955F70066AFDC /* KeyboardFollower.swift */; };
		8297A29023D9AD7E00D091FF /* PageControl.h in Headers */ = {isa = PBXBuildFile; fileRef = 8297A28E23D9AD7E00D091FF /* PageControl.h */; settings = {ATTRIBUTES = (Public, ); }; };
		8297A29323D9AD7E00D091FF /* PageControl.framework in Frameworks */ = {isa = PBXBuildFile; fileRef = 8297A28C23D9AD7E00D091FF /* PageControl.framework */; };
		8297A29423D9AD7E00D091FF /* PageControl.framework in Embed Frameworks */ = {isa = PBXBuildFile; fileRef = 8297A28C23D9AD7E00D091FF /* PageControl.framework */; settings = {ATTRIBUTES = (CodeSignOnCopy, RemoveHeadersOnCopy, ); }; };
		8297A29823D9AD8400D091FF /* PageControl.swift in Sources */ = {isa = PBXBuildFile; fileRef = 8297A28523D9AB1B00D091FF /* PageControl.swift */; };
		8297A29A23D9AE1400D091FF /* WalkthroughContentView.swift in Sources */ = {isa = PBXBuildFile; fileRef = 8297A29923D9AE1400D091FF /* WalkthroughContentView.swift */; };
		8297A2B523D9BA0200D091FF /* Localizable.strings in Resources */ = {isa = PBXBuildFile; fileRef = 8297A2B223D9BA0200D091FF /* Localizable.strings */; };
		8297A2B723D9BB1C00D091FF /* Texts.swift in Sources */ = {isa = PBXBuildFile; fileRef = 8297A2B623D9BB1C00D091FF /* Texts.swift */; };
		8297A2B923D9C80000D091FF /* WalkthroughContainerView.swift in Sources */ = {isa = PBXBuildFile; fileRef = 8297A2B823D9C80000D091FF /* WalkthroughContainerView.swift */; };
		8297A2BB23DA08F200D091FF /* Colors.swift in Sources */ = {isa = PBXBuildFile; fileRef = 8297A2BA23DA08F200D091FF /* Colors.swift */; };
		8297A2BD23DAAFE000D091FF /* Fonts.swift in Sources */ = {isa = PBXBuildFile; fileRef = 8297A2BC23DAAFE000D091FF /* Fonts.swift */; };
		82BE2F4823D97D9C00B3678A /* AppDelegate.swift in Sources */ = {isa = PBXBuildFile; fileRef = 82BE2F4723D97D9C00B3678A /* AppDelegate.swift */; };
		82BE2F4A23D97D9C00B3678A /* SceneDelegate.swift in Sources */ = {isa = PBXBuildFile; fileRef = 82BE2F4923D97D9C00B3678A /* SceneDelegate.swift */; };
		82BE2F4E23D97D9F00B3678A /* Assets.xcassets in Resources */ = {isa = PBXBuildFile; fileRef = 82BE2F4D23D97D9F00B3678A /* Assets.xcassets */; };
		82BE2F5123D97D9F00B3678A /* Preview Assets.xcassets in Resources */ = {isa = PBXBuildFile; fileRef = 82BE2F5023D97D9F00B3678A /* Preview Assets.xcassets */; };
		82BE2F6D23D9983C00B3678A /* ComposableArchitecture.framework in Frameworks */ = {isa = PBXBuildFile; fileRef = 82BE2F6423D9983C00B3678A /* ComposableArchitecture.framework */; };
		82BE2F7423D9983C00B3678A /* ComposableArchitectureTests.swift in Sources */ = {isa = PBXBuildFile; fileRef = 82BE2F7323D9983C00B3678A /* ComposableArchitectureTests.swift */; };
		82BE2F7623D9983C00B3678A /* ComposableArchitecture.h in Headers */ = {isa = PBXBuildFile; fileRef = 82BE2F6623D9983C00B3678A /* ComposableArchitecture.h */; settings = {ATTRIBUTES = (Public, ); }; };
		82BE2F7923D9983C00B3678A /* ComposableArchitecture.framework in Frameworks */ = {isa = PBXBuildFile; fileRef = 82BE2F6423D9983C00B3678A /* ComposableArchitecture.framework */; };
		82BE2F7A23D9983C00B3678A /* ComposableArchitecture.framework in Embed Frameworks */ = {isa = PBXBuildFile; fileRef = 82BE2F6423D9983C00B3678A /* ComposableArchitecture.framework */; settings = {ATTRIBUTES = (CodeSignOnCopy, RemoveHeadersOnCopy, ); }; };
		82BE2F8223D9984300B3678A /* ComposableArchitecture.swift in Sources */ = {isa = PBXBuildFile; fileRef = 82BE2F5D23D997F800B3678A /* ComposableArchitecture.swift */; };
		82EE570623F029900033B43C /* BackButton.swift in Sources */ = {isa = PBXBuildFile; fileRef = 82EE570523F029900033B43C /* BackButton.swift */; };
		82EE570923F0335F0033B43C /* NavigationLinkExtension.swift in Sources */ = {isa = PBXBuildFile; fileRef = 82EE570823F0335F0033B43C /* NavigationLinkExtension.swift */; };
		82F5592023DC255B008032F4 /* BigButton.swift in Sources */ = {isa = PBXBuildFile; fileRef = 82F5591F23DC255B008032F4 /* BigButton.swift */; };
/* End PBXBuildFile section */

/* Begin PBXContainerItemProxy section */
		8297A29123D9AD7E00D091FF /* PBXContainerItemProxy */ = {
			isa = PBXContainerItemProxy;
			containerPortal = 82BE2F3C23D97D9C00B3678A /* Project object */;
			proxyType = 1;
			remoteGlobalIDString = 8297A28B23D9AD7E00D091FF;
			remoteInfo = PageControl;
		};
		82BE2F6E23D9983C00B3678A /* PBXContainerItemProxy */ = {
			isa = PBXContainerItemProxy;
			containerPortal = 82BE2F3C23D97D9C00B3678A /* Project object */;
			proxyType = 1;
			remoteGlobalIDString = 82BE2F6323D9983C00B3678A;
			remoteInfo = ComposableArchitecture;
		};
		82BE2F7023D9983C00B3678A /* PBXContainerItemProxy */ = {
			isa = PBXContainerItemProxy;
			containerPortal = 82BE2F3C23D97D9C00B3678A /* Project object */;
			proxyType = 1;
			remoteGlobalIDString = 82BE2F4323D97D9C00B3678A;
			remoteInfo = pabau2;
		};
		82BE2F7723D9983C00B3678A /* PBXContainerItemProxy */ = {
			isa = PBXContainerItemProxy;
			containerPortal = 82BE2F3C23D97D9C00B3678A /* Project object */;
			proxyType = 1;
			remoteGlobalIDString = 82BE2F6323D9983C00B3678A;
			remoteInfo = ComposableArchitecture;
		};
/* End PBXContainerItemProxy section */

/* Begin PBXCopyFilesBuildPhase section */
		82BE2F7E23D9983C00B3678A /* Embed Frameworks */ = {
			isa = PBXCopyFilesBuildPhase;
			buildActionMask = 2147483647;
			dstPath = "";
			dstSubfolderSpec = 10;
			files = (
				82BE2F7A23D9983C00B3678A /* ComposableArchitecture.framework in Embed Frameworks */,
				8297A29423D9AD7E00D091FF /* PageControl.framework in Embed Frameworks */,
			);
			name = "Embed Frameworks";
			runOnlyForDeploymentPostprocessing = 0;
		};
/* End PBXCopyFilesBuildPhase section */

/* Begin PBXFileReference section */
		820961C123EBF3AF004A510A /* ForgotPasswordView.swift */ = {isa = PBXFileReference; lastKnownFileType = sourcecode.swift; path = ForgotPasswordView.swift; sourceTree = "<group>"; };
		820961D223ED881A004A510A /* ResetPassword.swift */ = {isa = PBXFileReference; lastKnownFileType = sourcecode.swift; path = ResetPassword.swift; sourceTree = "<group>"; };
		820961D423ED9AE2004A510A /* ActivityIndicator.swift */ = {isa = PBXFileReference; lastKnownFileType = sourcecode.swift; path = ActivityIndicator.swift; sourceTree = "<group>"; };
		820961D623ED9AF7004A510A /* LoadingView.swift */ = {isa = PBXFileReference; lastKnownFileType = sourcecode.swift; path = LoadingView.swift; sourceTree = "<group>"; };
		82811EF323E06BCB0066AFDC /* ContentView.swift */ = {isa = PBXFileReference; lastKnownFileType = sourcecode.swift; path = ContentView.swift; sourceTree = "<group>"; };
		82811EF523E06D730066AFDC /* Util.swift */ = {isa = PBXFileReference; lastKnownFileType = sourcecode.swift; path = Util.swift; sourceTree = "<group>"; };
		82811EF723E187700066AFDC /* Login.swift */ = {isa = PBXFileReference; lastKnownFileType = sourcecode.swift; path = Login.swift; sourceTree = "<group>"; };
		82811EFF23E49F090066AFDC /* TextAndTextView.swift */ = {isa = PBXFileReference; lastKnownFileType = sourcecode.swift; path = TextAndTextView.swift; sourceTree = "<group>"; };
		82811F0123E6FAE10066AFDC /* TextFieldWithBottomLine.swift */ = {isa = PBXFileReference; lastKnownFileType = sourcecode.swift; path = TextFieldWithBottomLine.swift; sourceTree = "<group>"; };
		82811F0423E720570066AFDC /* LoginTitle.swift */ = {isa = PBXFileReference; lastKnownFileType = sourcecode.swift; path = LoginTitle.swift; sourceTree = "<group>"; };
		82811F0623E720670066AFDC /* LoginTextFields.swift */ = {isa = PBXFileReference; lastKnownFileType = sourcecode.swift; path = LoginTextFields.swift; sourceTree = "<group>"; };
		82811F0C23E955F70066AFDC /* KeyboardFollower.swift */ = {isa = PBXFileReference; lastKnownFileType = sourcecode.swift; path = KeyboardFollower.swift; sourceTree = "<group>"; };
		8297A28523D9AB1B00D091FF /* PageControl.swift */ = {isa = PBXFileReference; lastKnownFileType = sourcecode.swift; path = PageControl.swift; sourceTree = "<group>"; };
		8297A28C23D9AD7E00D091FF /* PageControl.framework */ = {isa = PBXFileReference; explicitFileType = wrapper.framework; includeInIndex = 0; path = PageControl.framework; sourceTree = BUILT_PRODUCTS_DIR; };
		8297A28E23D9AD7E00D091FF /* PageControl.h */ = {isa = PBXFileReference; lastKnownFileType = sourcecode.c.h; path = PageControl.h; sourceTree = "<group>"; };
		8297A28F23D9AD7E00D091FF /* Info.plist */ = {isa = PBXFileReference; lastKnownFileType = text.plist.xml; path = Info.plist; sourceTree = "<group>"; };
		8297A29923D9AE1400D091FF /* WalkthroughContentView.swift */ = {isa = PBXFileReference; lastKnownFileType = sourcecode.swift; path = WalkthroughContentView.swift; sourceTree = "<group>"; };
		8297A2B323D9BA0200D091FF /* en */ = {isa = PBXFileReference; lastKnownFileType = text.plist.strings; name = en; path = en.lproj/Localizable.strings; sourceTree = "<group>"; };
		8297A2B423D9BA0200D091FF /* fr */ = {isa = PBXFileReference; lastKnownFileType = text.plist.strings; name = fr; path = fr.lproj/Localizable.strings; sourceTree = "<group>"; };
		8297A2B623D9BB1C00D091FF /* Texts.swift */ = {isa = PBXFileReference; lastKnownFileType = sourcecode.swift; path = Texts.swift; sourceTree = "<group>"; };
		8297A2B823D9C80000D091FF /* WalkthroughContainerView.swift */ = {isa = PBXFileReference; lastKnownFileType = sourcecode.swift; path = WalkthroughContainerView.swift; sourceTree = "<group>"; };
		8297A2BA23DA08F200D091FF /* Colors.swift */ = {isa = PBXFileReference; lastKnownFileType = sourcecode.swift; path = Colors.swift; sourceTree = "<group>"; };
		8297A2BC23DAAFE000D091FF /* Fonts.swift */ = {isa = PBXFileReference; lastKnownFileType = sourcecode.swift; path = Fonts.swift; sourceTree = "<group>"; };
		82BE2F4423D97D9C00B3678A /* pabau2.app */ = {isa = PBXFileReference; explicitFileType = wrapper.application; includeInIndex = 0; path = pabau2.app; sourceTree = BUILT_PRODUCTS_DIR; };
		82BE2F4723D97D9C00B3678A /* AppDelegate.swift */ = {isa = PBXFileReference; lastKnownFileType = sourcecode.swift; path = AppDelegate.swift; sourceTree = "<group>"; };
		82BE2F4923D97D9C00B3678A /* SceneDelegate.swift */ = {isa = PBXFileReference; lastKnownFileType = sourcecode.swift; path = SceneDelegate.swift; sourceTree = "<group>"; };
		82BE2F4D23D97D9F00B3678A /* Assets.xcassets */ = {isa = PBXFileReference; lastKnownFileType = folder.assetcatalog; path = Assets.xcassets; sourceTree = "<group>"; };
		82BE2F5023D97D9F00B3678A /* Preview Assets.xcassets */ = {isa = PBXFileReference; lastKnownFileType = folder.assetcatalog; path = "Preview Assets.xcassets"; sourceTree = "<group>"; };
		82BE2F5523D97D9F00B3678A /* Info.plist */ = {isa = PBXFileReference; lastKnownFileType = text.plist.xml; path = Info.plist; sourceTree = "<group>"; };
		82BE2F5D23D997F800B3678A /* ComposableArchitecture.swift */ = {isa = PBXFileReference; lastKnownFileType = sourcecode.swift; path = ComposableArchitecture.swift; sourceTree = "<group>"; };
		82BE2F6423D9983C00B3678A /* ComposableArchitecture.framework */ = {isa = PBXFileReference; explicitFileType = wrapper.framework; includeInIndex = 0; path = ComposableArchitecture.framework; sourceTree = BUILT_PRODUCTS_DIR; };
		82BE2F6623D9983C00B3678A /* ComposableArchitecture.h */ = {isa = PBXFileReference; lastKnownFileType = sourcecode.c.h; path = ComposableArchitecture.h; sourceTree = "<group>"; };
		82BE2F6723D9983C00B3678A /* Info.plist */ = {isa = PBXFileReference; lastKnownFileType = text.plist.xml; path = Info.plist; sourceTree = "<group>"; };
		82BE2F6C23D9983C00B3678A /* ComposableArchitectureTests.xctest */ = {isa = PBXFileReference; explicitFileType = wrapper.cfbundle; includeInIndex = 0; path = ComposableArchitectureTests.xctest; sourceTree = BUILT_PRODUCTS_DIR; };
		82BE2F7323D9983C00B3678A /* ComposableArchitectureTests.swift */ = {isa = PBXFileReference; lastKnownFileType = sourcecode.swift; path = ComposableArchitectureTests.swift; sourceTree = "<group>"; };
		82BE2F7523D9983C00B3678A /* Info.plist */ = {isa = PBXFileReference; lastKnownFileType = text.plist.xml; path = Info.plist; sourceTree = "<group>"; };
		82EE570523F029900033B43C /* BackButton.swift */ = {isa = PBXFileReference; lastKnownFileType = sourcecode.swift; path = BackButton.swift; sourceTree = "<group>"; };
		82EE570823F0335F0033B43C /* NavigationLinkExtension.swift */ = {isa = PBXFileReference; lastKnownFileType = sourcecode.swift; path = NavigationLinkExtension.swift; sourceTree = "<group>"; };
		82F5591F23DC255B008032F4 /* BigButton.swift */ = {isa = PBXFileReference; lastKnownFileType = sourcecode.swift; path = BigButton.swift; sourceTree = "<group>"; };
/* End PBXFileReference section */

/* Begin PBXFrameworksBuildPhase section */
		8297A28923D9AD7E00D091FF /* Frameworks */ = {
			isa = PBXFrameworksBuildPhase;
			buildActionMask = 2147483647;
			files = (
			);
			runOnlyForDeploymentPostprocessing = 0;
		};
		82BE2F4123D97D9C00B3678A /* Frameworks */ = {
			isa = PBXFrameworksBuildPhase;
			buildActionMask = 2147483647;
			files = (
				82BE2F7923D9983C00B3678A /* ComposableArchitecture.framework in Frameworks */,
				8297A29323D9AD7E00D091FF /* PageControl.framework in Frameworks */,
			);
			runOnlyForDeploymentPostprocessing = 0;
		};
		82BE2F6123D9983C00B3678A /* Frameworks */ = {
			isa = PBXFrameworksBuildPhase;
			buildActionMask = 2147483647;
			files = (
			);
			runOnlyForDeploymentPostprocessing = 0;
		};
		82BE2F6923D9983C00B3678A /* Frameworks */ = {
			isa = PBXFrameworksBuildPhase;
			buildActionMask = 2147483647;
			files = (
				82BE2F6D23D9983C00B3678A /* ComposableArchitecture.framework in Frameworks */,
			);
			runOnlyForDeploymentPostprocessing = 0;
		};
/* End PBXFrameworksBuildPhase section */

/* Begin PBXGroup section */
		8297A28D23D9AD7E00D091FF /* PageControl */ = {
			isa = PBXGroup;
			children = (
				8297A28E23D9AD7E00D091FF /* PageControl.h */,
				8297A28523D9AB1B00D091FF /* PageControl.swift */,
				8297A28F23D9AD7E00D091FF /* Info.plist */,
			);
			path = PageControl;
			sourceTree = "<group>";
		};
		8297A2B123D9BA0200D091FF /* Locales */ = {
			isa = PBXGroup;
			children = (
				8297A2B223D9BA0200D091FF /* Localizable.strings */,
			);
			path = Locales;
			sourceTree = "<group>";
		};
		82BE2F3B23D97D9C00B3678A = {
			isa = PBXGroup;
			children = (
				82BE2F4623D97D9C00B3678A /* pabau2 */,
				82BE2F6523D9983C00B3678A /* ComposableArchitecture */,
				82BE2F7223D9983C00B3678A /* ComposableArchitectureTests */,
				8297A28D23D9AD7E00D091FF /* PageControl */,
				82BE2F4523D97D9C00B3678A /* Products */,
			);
			sourceTree = "<group>";
		};
		82BE2F4523D97D9C00B3678A /* Products */ = {
			isa = PBXGroup;
			children = (
				82BE2F4423D97D9C00B3678A /* pabau2.app */,
				82BE2F6423D9983C00B3678A /* ComposableArchitecture.framework */,
				82BE2F6C23D9983C00B3678A /* ComposableArchitectureTests.xctest */,
				8297A28C23D9AD7E00D091FF /* PageControl.framework */,
			);
			name = Products;
			sourceTree = "<group>";
		};
		82BE2F4623D97D9C00B3678A /* pabau2 */ = {
			isa = PBXGroup;
			children = (
				82EE570723F0334D0033B43C /* Util */,
				8297A2B123D9BA0200D091FF /* Locales */,
				82BE2F4723D97D9C00B3678A /* AppDelegate.swift */,
				82BE2F4923D97D9C00B3678A /* SceneDelegate.swift */,
				820961C123EBF3AF004A510A /* ForgotPasswordView.swift */,
				82BE2F4D23D97D9F00B3678A /* Assets.xcassets */,
				82BE2F5523D97D9F00B3678A /* Info.plist */,
				82BE2F4F23D97D9F00B3678A /* Preview Content */,
				8297A29923D9AE1400D091FF /* WalkthroughContentView.swift */,
				8297A2B823D9C80000D091FF /* WalkthroughContainerView.swift */,
				82811EF323E06BCB0066AFDC /* ContentView.swift */,
				82811EF723E187700066AFDC /* Login.swift */,
				82811F0423E720570066AFDC /* LoginTitle.swift */,
				82811F0623E720670066AFDC /* LoginTextFields.swift */,
				820961D223ED881A004A510A /* ResetPassword.swift */,
			);
			path = pabau2;
			sourceTree = "<group>";
		};
		82BE2F4F23D97D9F00B3678A /* Preview Content */ = {
			isa = PBXGroup;
			children = (
				82BE2F5023D97D9F00B3678A /* Preview Assets.xcassets */,
			);
			path = "Preview Content";
			sourceTree = "<group>";
		};
		82BE2F6523D9983C00B3678A /* ComposableArchitecture */ = {
			isa = PBXGroup;
			children = (
				82BE2F6623D9983C00B3678A /* ComposableArchitecture.h */,
				82BE2F5D23D997F800B3678A /* ComposableArchitecture.swift */,
				82BE2F6723D9983C00B3678A /* Info.plist */,
			);
			path = ComposableArchitecture;
			sourceTree = "<group>";
		};
		82BE2F7223D9983C00B3678A /* ComposableArchitectureTests */ = {
			isa = PBXGroup;
			children = (
				82BE2F7323D9983C00B3678A /* ComposableArchitectureTests.swift */,
				82BE2F7523D9983C00B3678A /* Info.plist */,
			);
			path = ComposableArchitectureTests;
			sourceTree = "<group>";
		};
		82EE570723F0334D0033B43C /* Util */ = {
			isa = PBXGroup;
			children = (
				82811EF523E06D730066AFDC /* Util.swift */,
				82EE570A23F0339B0033B43C /* UI */,
			);
			path = Util;
			sourceTree = "<group>";
		};
		82EE570A23F0339B0033B43C /* UI */ = {
			isa = PBXGroup;
			children = (
				820961D423ED9AE2004A510A /* ActivityIndicator.swift */,
				8297A2BC23DAAFE000D091FF /* Fonts.swift */,
				8297A2BA23DA08F200D091FF /* Colors.swift */,
				8297A2B623D9BB1C00D091FF /* Texts.swift */,
				82EE570523F029900033B43C /* BackButton.swift */,
				820961D623ED9AF7004A510A /* LoadingView.swift */,
				82811F0C23E955F70066AFDC /* KeyboardFollower.swift */,
				82811EFF23E49F090066AFDC /* TextAndTextView.swift */,
				82811F0123E6FAE10066AFDC /* TextFieldWithBottomLine.swift */,
				82F5591F23DC255B008032F4 /* BigButton.swift */,
				82EE570823F0335F0033B43C /* NavigationLinkExtension.swift */,
			);
			path = UI;
			sourceTree = "<group>";
		};
/* End PBXGroup section */

/* Begin PBXHeadersBuildPhase section */
		8297A28723D9AD7E00D091FF /* Headers */ = {
			isa = PBXHeadersBuildPhase;
			buildActionMask = 2147483647;
			files = (
				8297A29023D9AD7E00D091FF /* PageControl.h in Headers */,
			);
			runOnlyForDeploymentPostprocessing = 0;
		};
		82BE2F5F23D9983C00B3678A /* Headers */ = {
			isa = PBXHeadersBuildPhase;
			buildActionMask = 2147483647;
			files = (
				82BE2F7623D9983C00B3678A /* ComposableArchitecture.h in Headers */,
			);
			runOnlyForDeploymentPostprocessing = 0;
		};
/* End PBXHeadersBuildPhase section */

/* Begin PBXNativeTarget section */
		8297A28B23D9AD7E00D091FF /* PageControl */ = {
			isa = PBXNativeTarget;
			buildConfigurationList = 8297A29523D9AD7E00D091FF /* Build configuration list for PBXNativeTarget "PageControl" */;
			buildPhases = (
				8297A28723D9AD7E00D091FF /* Headers */,
				8297A28823D9AD7E00D091FF /* Sources */,
				8297A28923D9AD7E00D091FF /* Frameworks */,
				8297A28A23D9AD7E00D091FF /* Resources */,
			);
			buildRules = (
			);
			dependencies = (
			);
			name = PageControl;
			productName = PageControl;
			productReference = 8297A28C23D9AD7E00D091FF /* PageControl.framework */;
			productType = "com.apple.product-type.framework";
		};
		82BE2F4323D97D9C00B3678A /* pabau2 */ = {
			isa = PBXNativeTarget;
			buildConfigurationList = 82BE2F5823D97D9F00B3678A /* Build configuration list for PBXNativeTarget "pabau2" */;
			buildPhases = (
				82BE2F4023D97D9C00B3678A /* Sources */,
				82BE2F4123D97D9C00B3678A /* Frameworks */,
				82BE2F4223D97D9C00B3678A /* Resources */,
				82BE2F7E23D9983C00B3678A /* Embed Frameworks */,
				82BE2F8323D9A5E500B3678A /* ShellScript */,
			);
			buildRules = (
			);
			dependencies = (
				82BE2F7823D9983C00B3678A /* PBXTargetDependency */,
				8297A29223D9AD7E00D091FF /* PBXTargetDependency */,
			);
			name = pabau2;
			productName = pabau2;
			productReference = 82BE2F4423D97D9C00B3678A /* pabau2.app */;
			productType = "com.apple.product-type.application";
		};
		82BE2F6323D9983C00B3678A /* ComposableArchitecture */ = {
			isa = PBXNativeTarget;
			buildConfigurationList = 82BE2F7B23D9983C00B3678A /* Build configuration list for PBXNativeTarget "ComposableArchitecture" */;
			buildPhases = (
				82BE2F5F23D9983C00B3678A /* Headers */,
				82BE2F6023D9983C00B3678A /* Sources */,
				82BE2F6123D9983C00B3678A /* Frameworks */,
				82BE2F6223D9983C00B3678A /* Resources */,
			);
			buildRules = (
			);
			dependencies = (
			);
			name = ComposableArchitecture;
			productName = ComposableArchitecture;
			productReference = 82BE2F6423D9983C00B3678A /* ComposableArchitecture.framework */;
			productType = "com.apple.product-type.framework";
		};
		82BE2F6B23D9983C00B3678A /* ComposableArchitectureTests */ = {
			isa = PBXNativeTarget;
			buildConfigurationList = 82BE2F7F23D9983C00B3678A /* Build configuration list for PBXNativeTarget "ComposableArchitectureTests" */;
			buildPhases = (
				82BE2F6823D9983C00B3678A /* Sources */,
				82BE2F6923D9983C00B3678A /* Frameworks */,
				82BE2F6A23D9983C00B3678A /* Resources */,
			);
			buildRules = (
			);
			dependencies = (
				82BE2F6F23D9983C00B3678A /* PBXTargetDependency */,
				82BE2F7123D9983C00B3678A /* PBXTargetDependency */,
			);
			name = ComposableArchitectureTests;
			productName = ComposableArchitectureTests;
			productReference = 82BE2F6C23D9983C00B3678A /* ComposableArchitectureTests.xctest */;
			productType = "com.apple.product-type.bundle.unit-test";
		};
/* End PBXNativeTarget section */

/* Begin PBXProject section */
		82BE2F3C23D97D9C00B3678A /* Project object */ = {
			isa = PBXProject;
			attributes = {
				LastSwiftUpdateCheck = 1120;
				LastUpgradeCheck = 1120;
				ORGANIZATIONNAME = "Andrej Trajkovski";
				TargetAttributes = {
					8297A28B23D9AD7E00D091FF = {
						CreatedOnToolsVersion = 11.2.1;
					};
					82BE2F4323D97D9C00B3678A = {
						CreatedOnToolsVersion = 11.2.1;
					};
					82BE2F6323D9983C00B3678A = {
						CreatedOnToolsVersion = 11.2.1;
					};
					82BE2F6B23D9983C00B3678A = {
						CreatedOnToolsVersion = 11.2.1;
						TestTargetID = 82BE2F4323D97D9C00B3678A;
					};
				};
			};
			buildConfigurationList = 82BE2F3F23D97D9C00B3678A /* Build configuration list for PBXProject "pabau2" */;
			compatibilityVersion = "Xcode 9.3";
			developmentRegion = en;
			hasScannedForEncodings = 0;
			knownRegions = (
				en,
				Base,
				fr,
			);
			mainGroup = 82BE2F3B23D97D9C00B3678A;
			productRefGroup = 82BE2F4523D97D9C00B3678A /* Products */;
			projectDirPath = "";
			projectRoot = "";
			targets = (
				82BE2F4323D97D9C00B3678A /* pabau2 */,
				82BE2F6323D9983C00B3678A /* ComposableArchitecture */,
				82BE2F6B23D9983C00B3678A /* ComposableArchitectureTests */,
				8297A28B23D9AD7E00D091FF /* PageControl */,
			);
		};
/* End PBXProject section */

/* Begin PBXResourcesBuildPhase section */
		8297A28A23D9AD7E00D091FF /* Resources */ = {
			isa = PBXResourcesBuildPhase;
			buildActionMask = 2147483647;
			files = (
			);
			runOnlyForDeploymentPostprocessing = 0;
		};
		82BE2F4223D97D9C00B3678A /* Resources */ = {
			isa = PBXResourcesBuildPhase;
			buildActionMask = 2147483647;
			files = (
				82BE2F5123D97D9F00B3678A /* Preview Assets.xcassets in Resources */,
				8297A2B523D9BA0200D091FF /* Localizable.strings in Resources */,
				82BE2F4E23D97D9F00B3678A /* Assets.xcassets in Resources */,
			);
			runOnlyForDeploymentPostprocessing = 0;
		};
		82BE2F6223D9983C00B3678A /* Resources */ = {
			isa = PBXResourcesBuildPhase;
			buildActionMask = 2147483647;
			files = (
			);
			runOnlyForDeploymentPostprocessing = 0;
		};
		82BE2F6A23D9983C00B3678A /* Resources */ = {
			isa = PBXResourcesBuildPhase;
			buildActionMask = 2147483647;
			files = (
			);
			runOnlyForDeploymentPostprocessing = 0;
		};
/* End PBXResourcesBuildPhase section */

/* Begin PBXShellScriptBuildPhase section */
		82BE2F8323D9A5E500B3678A /* ShellScript */ = {
			isa = PBXShellScriptBuildPhase;
			buildActionMask = 2147483647;
			files = (
			);
			inputFileListPaths = (
			);
			inputPaths = (
			);
			outputFileListPaths = (
			);
			outputPaths = (
			);
			runOnlyForDeploymentPostprocessing = 0;
			shellPath = /bin/sh;
			shellScript = "if which swiftlint >/dev/null; then\n  swiftlint\nelse\n  echo \"warning: SwiftLint not installed, download from https://github.com/realm/SwiftLint\"\nfi\n";
		};
/* End PBXShellScriptBuildPhase section */

/* Begin PBXSourcesBuildPhase section */
		8297A28823D9AD7E00D091FF /* Sources */ = {
			isa = PBXSourcesBuildPhase;
			buildActionMask = 2147483647;
			files = (
				8297A29823D9AD8400D091FF /* PageControl.swift in Sources */,
			);
			runOnlyForDeploymentPostprocessing = 0;
		};
		82BE2F4023D97D9C00B3678A /* Sources */ = {
			isa = PBXSourcesBuildPhase;
			buildActionMask = 2147483647;
			files = (
				82F5592023DC255B008032F4 /* BigButton.swift in Sources */,
				8297A2BD23DAAFE000D091FF /* Fonts.swift in Sources */,
				820961D523ED9AE2004A510A /* ActivityIndicator.swift in Sources */,
				8297A29A23D9AE1400D091FF /* WalkthroughContentView.swift in Sources */,
				820961C223EBF3AF004A510A /* ForgotPasswordView.swift in Sources */,
				82EE570623F029900033B43C /* BackButton.swift in Sources */,
				82811F0223E6FAE10066AFDC /* TextFieldWithBottomLine.swift in Sources */,
				8297A2BB23DA08F200D091FF /* Colors.swift in Sources */,
				8297A2B923D9C80000D091FF /* WalkthroughContainerView.swift in Sources */,
				82811F0523E720570066AFDC /* LoginTitle.swift in Sources */,
				82811EF423E06BCB0066AFDC /* ContentView.swift in Sources */,
				82BE2F4823D97D9C00B3678A /* AppDelegate.swift in Sources */,
				82811EF623E06D730066AFDC /* Util.swift in Sources */,
				82811F0723E720670066AFDC /* LoginTextFields.swift in Sources */,
				820961D723ED9AF7004A510A /* LoadingView.swift in Sources */,
				82EE570923F0335F0033B43C /* NavigationLinkExtension.swift in Sources */,
				820961D323ED881A004A510A /* ResetPassword.swift in Sources */,
				82811F0023E49F090066AFDC /* TextAndTextView.swift in Sources */,
				82811F0D23E955F70066AFDC /* KeyboardFollower.swift in Sources */,
				8297A2B723D9BB1C00D091FF /* Texts.swift in Sources */,
				82811EF823E187700066AFDC /* Login.swift in Sources */,
				82BE2F4A23D97D9C00B3678A /* SceneDelegate.swift in Sources */,
			);
			runOnlyForDeploymentPostprocessing = 0;
		};
		82BE2F6023D9983C00B3678A /* Sources */ = {
			isa = PBXSourcesBuildPhase;
			buildActionMask = 2147483647;
			files = (
				82BE2F8223D9984300B3678A /* ComposableArchitecture.swift in Sources */,
			);
			runOnlyForDeploymentPostprocessing = 0;
		};
		82BE2F6823D9983C00B3678A /* Sources */ = {
			isa = PBXSourcesBuildPhase;
			buildActionMask = 2147483647;
			files = (
				82BE2F7423D9983C00B3678A /* ComposableArchitectureTests.swift in Sources */,
			);
			runOnlyForDeploymentPostprocessing = 0;
		};
/* End PBXSourcesBuildPhase section */

/* Begin PBXTargetDependency section */
		8297A29223D9AD7E00D091FF /* PBXTargetDependency */ = {
			isa = PBXTargetDependency;
			target = 8297A28B23D9AD7E00D091FF /* PageControl */;
			targetProxy = 8297A29123D9AD7E00D091FF /* PBXContainerItemProxy */;
		};
		82BE2F6F23D9983C00B3678A /* PBXTargetDependency */ = {
			isa = PBXTargetDependency;
			target = 82BE2F6323D9983C00B3678A /* ComposableArchitecture */;
			targetProxy = 82BE2F6E23D9983C00B3678A /* PBXContainerItemProxy */;
		};
		82BE2F7123D9983C00B3678A /* PBXTargetDependency */ = {
			isa = PBXTargetDependency;
			target = 82BE2F4323D97D9C00B3678A /* pabau2 */;
			targetProxy = 82BE2F7023D9983C00B3678A /* PBXContainerItemProxy */;
		};
		82BE2F7823D9983C00B3678A /* PBXTargetDependency */ = {
			isa = PBXTargetDependency;
			target = 82BE2F6323D9983C00B3678A /* ComposableArchitecture */;
			targetProxy = 82BE2F7723D9983C00B3678A /* PBXContainerItemProxy */;
		};
/* End PBXTargetDependency section */

/* Begin PBXVariantGroup section */
		8297A2B223D9BA0200D091FF /* Localizable.strings */ = {
			isa = PBXVariantGroup;
			children = (
				8297A2B323D9BA0200D091FF /* en */,
				8297A2B423D9BA0200D091FF /* fr */,
			);
			name = Localizable.strings;
			sourceTree = "<group>";
		};
/* End PBXVariantGroup section */

/* Begin XCBuildConfiguration section */
		8297A29623D9AD7E00D091FF /* Debug */ = {
			isa = XCBuildConfiguration;
			buildSettings = {
				CODE_SIGN_STYLE = Automatic;
				CURRENT_PROJECT_VERSION = 1;
				DEFINES_MODULE = YES;
				DEVELOPMENT_TEAM = DKV7Q87Z7J;
				DYLIB_COMPATIBILITY_VERSION = 1;
				DYLIB_CURRENT_VERSION = 1;
				DYLIB_INSTALL_NAME_BASE = "@rpath";
				INFOPLIST_FILE = PageControl/Info.plist;
				INSTALL_PATH = "$(LOCAL_LIBRARY_DIR)/Frameworks";
				LD_RUNPATH_SEARCH_PATHS = (
					"$(inherited)",
					"@executable_path/Frameworks",
					"@loader_path/Frameworks",
				);
				PRODUCT_BUNDLE_IDENTIFIER = com.andrejtrajkovski.PageControl;
				PRODUCT_NAME = "$(TARGET_NAME:c99extidentifier)";
				SKIP_INSTALL = YES;
				SWIFT_VERSION = 5.0;
				TARGETED_DEVICE_FAMILY = "1,2";
				VERSIONING_SYSTEM = "apple-generic";
				VERSION_INFO_PREFIX = "";
			};
			name = Debug;
		};
		8297A29723D9AD7E00D091FF /* Release */ = {
			isa = XCBuildConfiguration;
			buildSettings = {
				CODE_SIGN_STYLE = Automatic;
				CURRENT_PROJECT_VERSION = 1;
				DEFINES_MODULE = YES;
				DEVELOPMENT_TEAM = DKV7Q87Z7J;
				DYLIB_COMPATIBILITY_VERSION = 1;
				DYLIB_CURRENT_VERSION = 1;
				DYLIB_INSTALL_NAME_BASE = "@rpath";
				INFOPLIST_FILE = PageControl/Info.plist;
				INSTALL_PATH = "$(LOCAL_LIBRARY_DIR)/Frameworks";
				LD_RUNPATH_SEARCH_PATHS = (
					"$(inherited)",
					"@executable_path/Frameworks",
					"@loader_path/Frameworks",
				);
				PRODUCT_BUNDLE_IDENTIFIER = com.andrejtrajkovski.PageControl;
				PRODUCT_NAME = "$(TARGET_NAME:c99extidentifier)";
				SKIP_INSTALL = YES;
				SWIFT_VERSION = 5.0;
				TARGETED_DEVICE_FAMILY = "1,2";
				VERSIONING_SYSTEM = "apple-generic";
				VERSION_INFO_PREFIX = "";
			};
			name = Release;
		};
		82BE2F5623D97D9F00B3678A /* Debug */ = {
			isa = XCBuildConfiguration;
			buildSettings = {
				ALWAYS_SEARCH_USER_PATHS = NO;
				CLANG_ANALYZER_LOCALIZABILITY_NONLOCALIZED = YES;
				CLANG_ANALYZER_NONNULL = YES;
				CLANG_ANALYZER_NUMBER_OBJECT_CONVERSION = YES_AGGRESSIVE;
				CLANG_CXX_LANGUAGE_STANDARD = "gnu++14";
				CLANG_CXX_LIBRARY = "libc++";
				CLANG_ENABLE_MODULES = YES;
				CLANG_ENABLE_OBJC_ARC = YES;
				CLANG_ENABLE_OBJC_WEAK = YES;
				CLANG_WARN_BLOCK_CAPTURE_AUTORELEASING = YES;
				CLANG_WARN_BOOL_CONVERSION = YES;
				CLANG_WARN_COMMA = YES;
				CLANG_WARN_CONSTANT_CONVERSION = YES;
				CLANG_WARN_DEPRECATED_OBJC_IMPLEMENTATIONS = YES;
				CLANG_WARN_DIRECT_OBJC_ISA_USAGE = YES_ERROR;
				CLANG_WARN_DOCUMENTATION_COMMENTS = YES;
				CLANG_WARN_EMPTY_BODY = YES;
				CLANG_WARN_ENUM_CONVERSION = YES;
				CLANG_WARN_INFINITE_RECURSION = YES;
				CLANG_WARN_INT_CONVERSION = YES;
				CLANG_WARN_NON_LITERAL_NULL_CONVERSION = YES;
				CLANG_WARN_OBJC_IMPLICIT_RETAIN_SELF = YES;
				CLANG_WARN_OBJC_LITERAL_CONVERSION = YES;
				CLANG_WARN_OBJC_ROOT_CLASS = YES_ERROR;
				CLANG_WARN_RANGE_LOOP_ANALYSIS = YES;
				CLANG_WARN_STRICT_PROTOTYPES = YES;
				CLANG_WARN_SUSPICIOUS_MOVE = YES;
				CLANG_WARN_UNGUARDED_AVAILABILITY = YES_AGGRESSIVE;
				CLANG_WARN_UNREACHABLE_CODE = YES;
				CLANG_WARN__DUPLICATE_METHOD_MATCH = YES;
				COPY_PHASE_STRIP = NO;
				DEBUG_INFORMATION_FORMAT = dwarf;
				ENABLE_STRICT_OBJC_MSGSEND = YES;
				ENABLE_TESTABILITY = YES;
				GCC_C_LANGUAGE_STANDARD = gnu11;
				GCC_DYNAMIC_NO_PIC = NO;
				GCC_NO_COMMON_BLOCKS = YES;
				GCC_OPTIMIZATION_LEVEL = 0;
				GCC_PREPROCESSOR_DEFINITIONS = (
					"DEBUG=1",
					"$(inherited)",
				);
				GCC_WARN_64_TO_32_BIT_CONVERSION = YES;
				GCC_WARN_ABOUT_RETURN_TYPE = YES_ERROR;
				GCC_WARN_UNDECLARED_SELECTOR = YES;
				GCC_WARN_UNINITIALIZED_AUTOS = YES_AGGRESSIVE;
				GCC_WARN_UNUSED_FUNCTION = YES;
				GCC_WARN_UNUSED_VARIABLE = YES;
				IPHONEOS_DEPLOYMENT_TARGET = 13.2;
				MTL_ENABLE_DEBUG_INFO = INCLUDE_SOURCE;
				MTL_FAST_MATH = YES;
				ONLY_ACTIVE_ARCH = YES;
				SDKROOT = iphoneos;
				SWIFT_ACTIVE_COMPILATION_CONDITIONS = DEBUG;
				SWIFT_OPTIMIZATION_LEVEL = "-Onone";
			};
			name = Debug;
		};
		82BE2F5723D97D9F00B3678A /* Release */ = {
			isa = XCBuildConfiguration;
			buildSettings = {
				ALWAYS_SEARCH_USER_PATHS = NO;
				CLANG_ANALYZER_LOCALIZABILITY_NONLOCALIZED = YES;
				CLANG_ANALYZER_NONNULL = YES;
				CLANG_ANALYZER_NUMBER_OBJECT_CONVERSION = YES_AGGRESSIVE;
				CLANG_CXX_LANGUAGE_STANDARD = "gnu++14";
				CLANG_CXX_LIBRARY = "libc++";
				CLANG_ENABLE_MODULES = YES;
				CLANG_ENABLE_OBJC_ARC = YES;
				CLANG_ENABLE_OBJC_WEAK = YES;
				CLANG_WARN_BLOCK_CAPTURE_AUTORELEASING = YES;
				CLANG_WARN_BOOL_CONVERSION = YES;
				CLANG_WARN_COMMA = YES;
				CLANG_WARN_CONSTANT_CONVERSION = YES;
				CLANG_WARN_DEPRECATED_OBJC_IMPLEMENTATIONS = YES;
				CLANG_WARN_DIRECT_OBJC_ISA_USAGE = YES_ERROR;
				CLANG_WARN_DOCUMENTATION_COMMENTS = YES;
				CLANG_WARN_EMPTY_BODY = YES;
				CLANG_WARN_ENUM_CONVERSION = YES;
				CLANG_WARN_INFINITE_RECURSION = YES;
				CLANG_WARN_INT_CONVERSION = YES;
				CLANG_WARN_NON_LITERAL_NULL_CONVERSION = YES;
				CLANG_WARN_OBJC_IMPLICIT_RETAIN_SELF = YES;
				CLANG_WARN_OBJC_LITERAL_CONVERSION = YES;
				CLANG_WARN_OBJC_ROOT_CLASS = YES_ERROR;
				CLANG_WARN_RANGE_LOOP_ANALYSIS = YES;
				CLANG_WARN_STRICT_PROTOTYPES = YES;
				CLANG_WARN_SUSPICIOUS_MOVE = YES;
				CLANG_WARN_UNGUARDED_AVAILABILITY = YES_AGGRESSIVE;
				CLANG_WARN_UNREACHABLE_CODE = YES;
				CLANG_WARN__DUPLICATE_METHOD_MATCH = YES;
				COPY_PHASE_STRIP = NO;
				DEBUG_INFORMATION_FORMAT = "dwarf-with-dsym";
				ENABLE_NS_ASSERTIONS = NO;
				ENABLE_STRICT_OBJC_MSGSEND = YES;
				GCC_C_LANGUAGE_STANDARD = gnu11;
				GCC_NO_COMMON_BLOCKS = YES;
				GCC_WARN_64_TO_32_BIT_CONVERSION = YES;
				GCC_WARN_ABOUT_RETURN_TYPE = YES_ERROR;
				GCC_WARN_UNDECLARED_SELECTOR = YES;
				GCC_WARN_UNINITIALIZED_AUTOS = YES_AGGRESSIVE;
				GCC_WARN_UNUSED_FUNCTION = YES;
				GCC_WARN_UNUSED_VARIABLE = YES;
				IPHONEOS_DEPLOYMENT_TARGET = 13.2;
				MTL_ENABLE_DEBUG_INFO = NO;
				MTL_FAST_MATH = YES;
				SDKROOT = iphoneos;
				SWIFT_COMPILATION_MODE = wholemodule;
				SWIFT_OPTIMIZATION_LEVEL = "-O";
				VALIDATE_PRODUCT = YES;
			};
			name = Release;
		};
		82BE2F5923D97D9F00B3678A /* Debug */ = {
			isa = XCBuildConfiguration;
			buildSettings = {
				ALWAYS_EMBED_SWIFT_STANDARD_LIBRARIES = YES;
				ASSETCATALOG_COMPILER_APPICON_NAME = AppIcon;
				ASSETCATALOG_COMPILER_LAUNCHIMAGE_NAME = LaunchImage;
				CODE_SIGN_STYLE = Automatic;
				DEVELOPMENT_ASSET_PATHS = "\"pabau2/Preview Content\"";
				DEVELOPMENT_TEAM = DKV7Q87Z7J;
				ENABLE_PREVIEWS = YES;
				INFOPLIST_FILE = pabau2/Info.plist;
				LD_RUNPATH_SEARCH_PATHS = (
					"$(inherited)",
					"@executable_path/Frameworks",
				);
				PRODUCT_BUNDLE_IDENTIFIER = com.andrejtrajkovski.pabau2;
				PRODUCT_NAME = "$(TARGET_NAME)";
				SWIFT_VERSION = 5.0;
				TARGETED_DEVICE_FAMILY = "1,2";
			};
			name = Debug;
		};
		82BE2F5A23D97D9F00B3678A /* Release */ = {
			isa = XCBuildConfiguration;
			buildSettings = {
				ALWAYS_EMBED_SWIFT_STANDARD_LIBRARIES = YES;
				ASSETCATALOG_COMPILER_APPICON_NAME = AppIcon;
				ASSETCATALOG_COMPILER_LAUNCHIMAGE_NAME = LaunchImage;
				CODE_SIGN_STYLE = Automatic;
				DEVELOPMENT_ASSET_PATHS = "\"pabau2/Preview Content\"";
				DEVELOPMENT_TEAM = DKV7Q87Z7J;
				ENABLE_PREVIEWS = YES;
				INFOPLIST_FILE = pabau2/Info.plist;
				LD_RUNPATH_SEARCH_PATHS = (
					"$(inherited)",
					"@executable_path/Frameworks",
				);
				PRODUCT_BUNDLE_IDENTIFIER = com.andrejtrajkovski.pabau2;
				PRODUCT_NAME = "$(TARGET_NAME)";
				SWIFT_VERSION = 5.0;
				TARGETED_DEVICE_FAMILY = "1,2";
			};
			name = Release;
		};
		82BE2F7C23D9983C00B3678A /* Debug */ = {
			isa = XCBuildConfiguration;
			buildSettings = {
				CODE_SIGN_STYLE = Automatic;
				CURRENT_PROJECT_VERSION = 1;
				DEFINES_MODULE = YES;
				DEVELOPMENT_TEAM = DKV7Q87Z7J;
				DYLIB_COMPATIBILITY_VERSION = 1;
				DYLIB_CURRENT_VERSION = 1;
				DYLIB_INSTALL_NAME_BASE = "@rpath";
				INFOPLIST_FILE = ComposableArchitecture/Info.plist;
				INSTALL_PATH = "$(LOCAL_LIBRARY_DIR)/Frameworks";
				LD_RUNPATH_SEARCH_PATHS = (
					"$(inherited)",
					"@executable_path/Frameworks",
					"@loader_path/Frameworks",
				);
				PRODUCT_BUNDLE_IDENTIFIER = com.andrejtrajkovski.ComposableArchitecture;
				PRODUCT_NAME = "$(TARGET_NAME:c99extidentifier)";
				SKIP_INSTALL = YES;
				SWIFT_VERSION = 5.0;
				TARGETED_DEVICE_FAMILY = "1,2";
				VERSIONING_SYSTEM = "apple-generic";
				VERSION_INFO_PREFIX = "";
			};
			name = Debug;
		};
		82BE2F7D23D9983C00B3678A /* Release */ = {
			isa = XCBuildConfiguration;
			buildSettings = {
				CODE_SIGN_STYLE = Automatic;
				CURRENT_PROJECT_VERSION = 1;
				DEFINES_MODULE = YES;
				DEVELOPMENT_TEAM = DKV7Q87Z7J;
				DYLIB_COMPATIBILITY_VERSION = 1;
				DYLIB_CURRENT_VERSION = 1;
				DYLIB_INSTALL_NAME_BASE = "@rpath";
				INFOPLIST_FILE = ComposableArchitecture/Info.plist;
				INSTALL_PATH = "$(LOCAL_LIBRARY_DIR)/Frameworks";
				LD_RUNPATH_SEARCH_PATHS = (
					"$(inherited)",
					"@executable_path/Frameworks",
					"@loader_path/Frameworks",
				);
				PRODUCT_BUNDLE_IDENTIFIER = com.andrejtrajkovski.ComposableArchitecture;
				PRODUCT_NAME = "$(TARGET_NAME:c99extidentifier)";
				SKIP_INSTALL = YES;
				SWIFT_VERSION = 5.0;
				TARGETED_DEVICE_FAMILY = "1,2";
				VERSIONING_SYSTEM = "apple-generic";
				VERSION_INFO_PREFIX = "";
			};
			name = Release;
		};
		82BE2F8023D9983C00B3678A /* Debug */ = {
			isa = XCBuildConfiguration;
			buildSettings = {
				ALWAYS_EMBED_SWIFT_STANDARD_LIBRARIES = YES;
				CODE_SIGN_STYLE = Automatic;
				DEVELOPMENT_TEAM = DKV7Q87Z7J;
				INFOPLIST_FILE = ComposableArchitectureTests/Info.plist;
				LD_RUNPATH_SEARCH_PATHS = (
					"$(inherited)",
					"@executable_path/Frameworks",
					"@loader_path/Frameworks",
				);
				PRODUCT_BUNDLE_IDENTIFIER = com.andrejtrajkovski.ComposableArchitectureTests;
				PRODUCT_NAME = "$(TARGET_NAME)";
				SWIFT_VERSION = 5.0;
				TARGETED_DEVICE_FAMILY = "1,2";
				TEST_HOST = "$(BUILT_PRODUCTS_DIR)/pabau2.app/pabau2";
			};
			name = Debug;
		};
		82BE2F8123D9983C00B3678A /* Release */ = {
			isa = XCBuildConfiguration;
			buildSettings = {
				ALWAYS_EMBED_SWIFT_STANDARD_LIBRARIES = YES;
				CODE_SIGN_STYLE = Automatic;
				DEVELOPMENT_TEAM = DKV7Q87Z7J;
				INFOPLIST_FILE = ComposableArchitectureTests/Info.plist;
				LD_RUNPATH_SEARCH_PATHS = (
					"$(inherited)",
					"@executable_path/Frameworks",
					"@loader_path/Frameworks",
				);
				PRODUCT_BUNDLE_IDENTIFIER = com.andrejtrajkovski.ComposableArchitectureTests;
				PRODUCT_NAME = "$(TARGET_NAME)";
				SWIFT_VERSION = 5.0;
				TARGETED_DEVICE_FAMILY = "1,2";
				TEST_HOST = "$(BUILT_PRODUCTS_DIR)/pabau2.app/pabau2";
			};
			name = Release;
		};
/* End XCBuildConfiguration section */

/* Begin XCConfigurationList section */
		8297A29523D9AD7E00D091FF /* Build configuration list for PBXNativeTarget "PageControl" */ = {
			isa = XCConfigurationList;
			buildConfigurations = (
				8297A29623D9AD7E00D091FF /* Debug */,
				8297A29723D9AD7E00D091FF /* Release */,
			);
			defaultConfigurationIsVisible = 0;
			defaultConfigurationName = Release;
		};
		82BE2F3F23D97D9C00B3678A /* Build configuration list for PBXProject "pabau2" */ = {
			isa = XCConfigurationList;
			buildConfigurations = (
				82BE2F5623D97D9F00B3678A /* Debug */,
				82BE2F5723D97D9F00B3678A /* Release */,
			);
			defaultConfigurationIsVisible = 0;
			defaultConfigurationName = Release;
		};
		82BE2F5823D97D9F00B3678A /* Build configuration list for PBXNativeTarget "pabau2" */ = {
			isa = XCConfigurationList;
			buildConfigurations = (
				82BE2F5923D97D9F00B3678A /* Debug */,
				82BE2F5A23D97D9F00B3678A /* Release */,
			);
			defaultConfigurationIsVisible = 0;
			defaultConfigurationName = Release;
		};
		82BE2F7B23D9983C00B3678A /* Build configuration list for PBXNativeTarget "ComposableArchitecture" */ = {
			isa = XCConfigurationList;
			buildConfigurations = (
				82BE2F7C23D9983C00B3678A /* Debug */,
				82BE2F7D23D9983C00B3678A /* Release */,
			);
			defaultConfigurationIsVisible = 0;
			defaultConfigurationName = Release;
		};
		82BE2F7F23D9983C00B3678A /* Build configuration list for PBXNativeTarget "ComposableArchitectureTests" */ = {
			isa = XCConfigurationList;
			buildConfigurations = (
				82BE2F8023D9983C00B3678A /* Debug */,
				82BE2F8123D9983C00B3678A /* Release */,
			);
			defaultConfigurationIsVisible = 0;
			defaultConfigurationName = Release;
		};
/* End XCConfigurationList section */
	};
	rootObject = 82BE2F3C23D97D9C00B3678A /* Project object */;
}
