// !$*UTF8*$!
{
	archiveVersion = 1;
	classes = {
	};
	objectVersion = 52;
	objects = {

/* Begin PBXBuildFile section */
		0854E6B525F12331007087B8 /* EPaper in Frameworks */ = {isa = PBXBuildFile; productRef = 0854E6B425F12331007087B8 /* EPaper */; };
		08C726E925876D9100F622CB /* SFProText-Medium.ttf in Resources */ = {isa = PBXBuildFile; fileRef = 08C726E6258764C100F622CB /* SFProText-Medium.ttf */; };
		08C726EA25876D9400F622CB /* SFProText-MediumItalic.ttf in Resources */ = {isa = PBXBuildFile; fileRef = 08C726E82587684300F622CB /* SFProText-MediumItalic.ttf */; };
		08C726EB25876D9700F622CB /* SFProText-Semibold.ttf in Resources */ = {isa = PBXBuildFile; fileRef = 08C726E7258764C100F622CB /* SFProText-Semibold.ttf */; };
		745E58A225D28B3A00EDD10D /* Appointments in Resources */ = {isa = PBXBuildFile; fileRef = 745E58A125D28B3A00EDD10D /* Appointments */; };
		74DD9D34256EAB1A00CC3920 /* Communication in Frameworks */ = {isa = PBXBuildFile; productRef = 74DD9D33256EAB1A00CC3920 /* Communication */; };
		82182C4725265C5D00E5479F /* Calendar in Frameworks */ = {isa = PBXBuildFile; productRef = 82182C4625265C5D00E5479F /* Calendar */; };
		82182C4925265C5D00E5479F /* Clients in Frameworks */ = {isa = PBXBuildFile; productRef = 82182C4825265C5D00E5479F /* Clients */; };
		82182C4D25265C5D00E5479F /* Form in Frameworks */ = {isa = PBXBuildFile; productRef = 82182C4C25265C5D00E5479F /* Form */; };
		82182C4F25265C5D00E5479F /* FSCalendarSwiftUI in Frameworks */ = {isa = PBXBuildFile; productRef = 82182C4E25265C5D00E5479F /* FSCalendarSwiftUI */; };
		82182C5125265C5D00E5479F /* Journey in Frameworks */ = {isa = PBXBuildFile; productRef = 82182C5025265C5D00E5479F /* Journey */; };
		82182C5325265C5D00E5479F /* Login in Frameworks */ = {isa = PBXBuildFile; productRef = 82182C5225265C5D00E5479F /* Login */; };
		82182C5525265C5D00E5479F /* Model in Frameworks */ = {isa = PBXBuildFile; productRef = 82182C5425265C5D00E5479F /* Model */; };
		82182C5725265C5D00E5479F /* Util in Frameworks */ = {isa = PBXBuildFile; productRef = 82182C5625265C5D00E5479F /* Util */; };
		8246DB3925716DF900F5D87E /* Intercom.framework in Frameworks */ = {isa = PBXBuildFile; fileRef = 74DD9D37256EB28C00CC3920 /* Intercom.framework */; };
		8246DB3C2571731C00F5D87E /* Intercom.framework in Embed Frameworks */ = {isa = PBXBuildFile; fileRef = 74DD9D37256EB28C00CC3920 /* Intercom.framework */; settings = {ATTRIBUTES = (CodeSignOnCopy, RemoveHeadersOnCopy, ); }; };
		825BE7EA2436226300422910 /* checkIn.mp4 in Resources */ = {isa = PBXBuildFile; fileRef = 825BE7E92436226300422910 /* checkIn.mp4 */; };
		82811EF423E06BCB0066AFDC /* ContentView.swift in Sources */ = {isa = PBXBuildFile; fileRef = 82811EF323E06BCB0066AFDC /* ContentView.swift */; };
		8297A2B523D9BA0200D091FF /* Localizable.strings in Resources */ = {isa = PBXBuildFile; fileRef = 8297A2B223D9BA0200D091FF /* Localizable.strings */; };
		82BE2F4823D97D9C00B3678A /* AppDelegate.swift in Sources */ = {isa = PBXBuildFile; fileRef = 82BE2F4723D97D9C00B3678A /* AppDelegate.swift */; };
		82BE2F4A23D97D9C00B3678A /* SceneDelegate.swift in Sources */ = {isa = PBXBuildFile; fileRef = 82BE2F4923D97D9C00B3678A /* SceneDelegate.swift */; };
		82BE2F4E23D97D9F00B3678A /* Assets.xcassets in Resources */ = {isa = PBXBuildFile; fileRef = 82BE2F4D23D97D9F00B3678A /* Assets.xcassets */; };
		82BE2F5123D97D9F00B3678A /* Preview Assets.xcassets in Resources */ = {isa = PBXBuildFile; fileRef = 82BE2F5023D97D9F00B3678A /* Preview Assets.xcassets */; };
		82F6ADAE23F2C7B1001B3ACE /* PabauTabBar.swift in Sources */ = {isa = PBXBuildFile; fileRef = 82F6ADAD23F2C7B1001B3ACE /* PabauTabBar.swift */; };
/* End PBXBuildFile section */

/* Begin PBXCopyFilesBuildPhase section */
		8246DB3B25716DF900F5D87E /* Embed Frameworks */ = {
			isa = PBXCopyFilesBuildPhase;
			buildActionMask = 12;
			dstPath = "";
			dstSubfolderSpec = 10;
			files = (
				8246DB3C2571731C00F5D87E /* Intercom.framework in Embed Frameworks */,
			);
			name = "Embed Frameworks";
			runOnlyForDeploymentPostprocessing = 0;
		};
/* End PBXCopyFilesBuildPhase section */

/* Begin PBXFileReference section */
		0854E6A525F11B77007087B8 /* EPaper */ = {isa = PBXFileReference; lastKnownFileType = text; name = EPaper; path = pabau2/EPaper; sourceTree = SOURCE_ROOT; };
		08C726E6258764C100F622CB /* SFProText-Medium.ttf */ = {isa = PBXFileReference; lastKnownFileType = file; path = "SFProText-Medium.ttf"; sourceTree = "<group>"; };
		08C726E7258764C100F622CB /* SFProText-Semibold.ttf */ = {isa = PBXFileReference; lastKnownFileType = file; path = "SFProText-Semibold.ttf"; sourceTree = "<group>"; };
		08C726E82587684300F622CB /* SFProText-MediumItalic.ttf */ = {isa = PBXFileReference; lastKnownFileType = file; path = "SFProText-MediumItalic.ttf"; sourceTree = "<group>"; };
		08EF32862588FC5F00E862B3 /* SFProText-Regular.ttf */ = {isa = PBXFileReference; lastKnownFileType = file; path = "SFProText-Regular.ttf"; sourceTree = "<group>"; };
		745E58A125D28B3A00EDD10D /* Appointments */ = {isa = PBXFileReference; lastKnownFileType = folder; path = Appointments; sourceTree = "<group>"; };
		74DD9D31256EAB0E00CC3920 /* Communication */ = {isa = PBXFileReference; lastKnownFileType = folder; path = Communication; sourceTree = "<group>"; };
		74DD9D37256EB28C00CC3920 /* Intercom.framework */ = {isa = PBXFileReference; lastKnownFileType = wrapper.framework; name = Intercom.framework; path = pabau2/Intercom.framework; sourceTree = "<group>"; };
		82018FE62567D59300E740A9 /* AddAppointment */ = {isa = PBXFileReference; lastKnownFileType = folder; path = AddAppointment; sourceTree = "<group>"; };
		82018FE72569657100E740A9 /* AddBookout */ = {isa = PBXFileReference; lastKnownFileType = folder; path = AddBookout; sourceTree = "<group>"; };
		820A343D252E0E1100C6AB29 /* JZCalendarWeekView */ = {isa = PBXFileReference; lastKnownFileType = folder; path = JZCalendarWeekView; sourceTree = "<group>"; };
		82104534240CE516004EA838 /* XCTest.framework */ = {isa = PBXFileReference; lastKnownFileType = wrapper.framework; name = XCTest.framework; path = Platforms/iPhoneOS.platform/Developer/Library/Frameworks/XCTest.framework; sourceTree = DEVELOPER_DIR; };
		82104536240CE524004EA838 /* libswiftXCTest.tbd */ = {isa = PBXFileReference; lastKnownFileType = "sourcecode.text-based-dylib-definition"; name = libswiftXCTest.tbd; path = Platforms/MacOSX.platform/Developer/SDKs/MacOSX10.15.sdk/usr/lib/swift/libswiftXCTest.tbd; sourceTree = DEVELOPER_DIR; };
		8246DB37256FCE2300F5D87E /* Filters */ = {isa = PBXFileReference; lastKnownFileType = folder; path = Filters; sourceTree = "<group>"; };
		82533424256D0C69005755D6 /* AddShift */ = {isa = PBXFileReference; lastKnownFileType = folder; path = AddShift; sourceTree = "<group>"; };
		82533425256D8393005755D6 /* SharedComponents */ = {isa = PBXFileReference; lastKnownFileType = folder; path = SharedComponents; sourceTree = "<group>"; };
		825BE7E92436226300422910 /* checkIn.mp4 */ = {isa = PBXFileReference; lastKnownFileType = file; name = checkIn.mp4; path = pabau2/src/Assets.xcassets/checkIn.mp4; sourceTree = "<group>"; };
		82811EF323E06BCB0066AFDC /* ContentView.swift */ = {isa = PBXFileReference; lastKnownFileType = sourcecode.swift; path = ContentView.swift; sourceTree = "<group>"; };
		828566C024DF3D5B009FA63E /* Form */ = {isa = PBXFileReference; lastKnownFileType = folder; path = Form; sourceTree = "<group>"; };
		8297A2B323D9BA0200D091FF /* en */ = {isa = PBXFileReference; lastKnownFileType = text.plist.strings; name = en; path = en.lproj/Localizable.strings; sourceTree = "<group>"; };
		8297A2B423D9BA0200D091FF /* fr */ = {isa = PBXFileReference; lastKnownFileType = text.plist.strings; name = fr; path = fr.lproj/Localizable.strings; sourceTree = "<group>"; };
		8298A11324D486960079BFE9 /* Clients */ = {isa = PBXFileReference; lastKnownFileType = folder; path = Clients; sourceTree = "<group>"; };
		829D61FF24D18CF90049D5D0 /* FSCalendarSwiftUI */ = {isa = PBXFileReference; lastKnownFileType = folder; path = FSCalendarSwiftUI; sourceTree = "<group>"; };
		82A5317525EFD63A00840749 /* Avatar */ = {isa = PBXFileReference; lastKnownFileType = folder; path = Avatar; sourceTree = "<group>"; };
		82BE2F4423D97D9C00B3678A /* pabau2.app */ = {isa = PBXFileReference; explicitFileType = wrapper.application; includeInIndex = 0; path = pabau2.app; sourceTree = BUILT_PRODUCTS_DIR; };
		82BE2F4723D97D9C00B3678A /* AppDelegate.swift */ = {isa = PBXFileReference; lastKnownFileType = sourcecode.swift; path = AppDelegate.swift; sourceTree = "<group>"; };
		82BE2F4923D97D9C00B3678A /* SceneDelegate.swift */ = {isa = PBXFileReference; lastKnownFileType = sourcecode.swift; path = SceneDelegate.swift; sourceTree = "<group>"; };
		82BE2F4D23D97D9F00B3678A /* Assets.xcassets */ = {isa = PBXFileReference; lastKnownFileType = folder.assetcatalog; path = Assets.xcassets; sourceTree = "<group>"; };
		82BE2F5023D97D9F00B3678A /* Preview Assets.xcassets */ = {isa = PBXFileReference; lastKnownFileType = folder.assetcatalog; path = "Preview Assets.xcassets"; sourceTree = "<group>"; };
		82BE2F5523D97D9F00B3678A /* Info.plist */ = {isa = PBXFileReference; lastKnownFileType = text.plist.xml; path = Info.plist; sourceTree = "<group>"; };
		82D8240B24F648CD001F73C8 /* Calendar */ = {isa = PBXFileReference; lastKnownFileType = folder; path = Calendar; sourceTree = "<group>"; };
		82E9C11C24D021550023B98B /* Login */ = {isa = PBXFileReference; lastKnownFileType = folder; path = Login; sourceTree = "<group>"; };
		82E9C11D24D0242E0023B98B /* Util */ = {isa = PBXFileReference; lastKnownFileType = folder; path = Util; sourceTree = "<group>"; };
		82E9C11E24D024E50023B98B /* Model */ = {isa = PBXFileReference; lastKnownFileType = folder; path = Model; sourceTree = "<group>"; };
		82E9C12524D035A60023B98B /* Journey */ = {isa = PBXFileReference; lastKnownFileType = folder; path = Journey; sourceTree = "<group>"; };
		82F6ADAD23F2C7B1001B3ACE /* PabauTabBar.swift */ = {isa = PBXFileReference; lastKnownFileType = sourcecode.swift; path = PabauTabBar.swift; sourceTree = "<group>"; };
/* End PBXFileReference section */

/* Begin PBXFrameworksBuildPhase section */
		82BE2F4123D97D9C00B3678A /* Frameworks */ = {
			isa = PBXFrameworksBuildPhase;
			buildActionMask = 2147483647;
			files = (
				82182C4F25265C5D00E5479F /* FSCalendarSwiftUI in Frameworks */,
				82182C4D25265C5D00E5479F /* Form in Frameworks */,
				82182C4725265C5D00E5479F /* Calendar in Frameworks */,
				0854E6B525F12331007087B8 /* EPaper in Frameworks */,
				82182C5325265C5D00E5479F /* Login in Frameworks */,
				82182C5125265C5D00E5479F /* Journey in Frameworks */,
				82182C5525265C5D00E5479F /* Model in Frameworks */,
				74DD9D34256EAB1A00CC3920 /* Communication in Frameworks */,
				8246DB3925716DF900F5D87E /* Intercom.framework in Frameworks */,
				82182C4925265C5D00E5479F /* Clients in Frameworks */,
				82182C5725265C5D00E5479F /* Util in Frameworks */,
			);
			runOnlyForDeploymentPostprocessing = 0;
		};
/* End PBXFrameworksBuildPhase section */

/* Begin PBXGroup section */
		08C726E52587644200F622CB /* Fonts */ = {
			isa = PBXGroup;
			children = (
				08C726E6258764C100F622CB /* SFProText-Medium.ttf */,
				08C726E82587684300F622CB /* SFProText-MediumItalic.ttf */,
				08EF32862588FC5F00E862B3 /* SFProText-Regular.ttf */,
				08C726E7258764C100F622CB /* SFProText-Semibold.ttf */,
			);
			path = Fonts;
			sourceTree = "<group>";
		};
		8297A2B123D9BA0200D091FF /* Locales */ = {
			isa = PBXGroup;
			children = (
				8297A2B223D9BA0200D091FF /* Localizable.strings */,
			);
			path = Locales;
			sourceTree = "<group>";
		};
		82B02FFF23F2581C0015B0B4 /* Frameworks */ = {
			isa = PBXGroup;
			children = (
				74DD9D37256EB28C00CC3920 /* Intercom.framework */,
				82104536240CE524004EA838 /* libswiftXCTest.tbd */,
				82104534240CE516004EA838 /* XCTest.framework */,
			);
			name = Frameworks;
			sourceTree = "<group>";
		};
		82BE2F3B23D97D9C00B3678A = {
			isa = PBXGroup;
			children = (
				820A343D252E0E1100C6AB29 /* JZCalendarWeekView */,
				825BE7E92436226300422910 /* checkIn.mp4 */,
				82BE2F4623D97D9C00B3678A /* pabau2 */,
				82BE2F4523D97D9C00B3678A /* Products */,
				82B02FFF23F2581C0015B0B4 /* Frameworks */,
			);
			sourceTree = "<group>";
		};
		82BE2F4523D97D9C00B3678A /* Products */ = {
			isa = PBXGroup;
			children = (
				82BE2F4423D97D9C00B3678A /* pabau2.app */,
			);
			name = Products;
			sourceTree = "<group>";
		};
		82BE2F4623D97D9C00B3678A /* pabau2 */ = {
			isa = PBXGroup;
			children = (
				82CACDF7241027320021E1DE /* src */,
				82CACDF8241027380021E1DE /* test */,
				82BE2F4F23D97D9F00B3678A /* Preview Content */,
			);
			path = pabau2;
			sourceTree = "<group>";
		};
		82BE2F4F23D97D9F00B3678A /* Preview Content */ = {
			isa = PBXGroup;
			children = (
				82BE2F5023D97D9F00B3678A /* Preview Assets.xcassets */,
			);
			path = "Preview Content";
			sourceTree = "<group>";
		};
		82CACDF7241027320021E1DE /* src */ = {
			isa = PBXGroup;
			children = (
				0854E6A525F11B77007087B8 /* EPaper */,
				82A5317525EFD63A00840749 /* Avatar */,
				745E58A125D28B3A00EDD10D /* Appointments */,
				08C726E52587644200F622CB /* Fonts */,
				74DD9D31256EAB0E00CC3920 /* Communication */,
				8246DB37256FCE2300F5D87E /* Filters */,
				82533425256D8393005755D6 /* SharedComponents */,
				82533424256D0C69005755D6 /* AddShift */,
				82018FE72569657100E740A9 /* AddBookout */,
				82018FE62567D59300E740A9 /* AddAppointment */,
				82D8240B24F648CD001F73C8 /* Calendar */,
				828566C024DF3D5B009FA63E /* Form */,
				8298A11324D486960079BFE9 /* Clients */,
				82E9C12524D035A60023B98B /* Journey */,
				82E9C11C24D021550023B98B /* Login */,
				829D61FF24D18CF90049D5D0 /* FSCalendarSwiftUI */,
				82E9C11E24D024E50023B98B /* Model */,
				82E9C11D24D0242E0023B98B /* Util */,
				8297A2B123D9BA0200D091FF /* Locales */,
				82BE2F4723D97D9C00B3678A /* AppDelegate.swift */,
				82BE2F4923D97D9C00B3678A /* SceneDelegate.swift */,
				82BE2F4D23D97D9F00B3678A /* Assets.xcassets */,
				82BE2F5523D97D9F00B3678A /* Info.plist */,
				82811EF323E06BCB0066AFDC /* ContentView.swift */,
				82F6ADAD23F2C7B1001B3ACE /* PabauTabBar.swift */,
			);
			path = src;
			sourceTree = "<group>";
		};
		82CACDF8241027380021E1DE /* test */ = {
			isa = PBXGroup;
			children = (
			);
			path = test;
			sourceTree = "<group>";
		};
/* End PBXGroup section */

/* Begin PBXNativeTarget section */
		82BE2F4323D97D9C00B3678A /* pabau2 */ = {
			isa = PBXNativeTarget;
			buildConfigurationList = 82BE2F5823D97D9F00B3678A /* Build configuration list for PBXNativeTarget "pabau2" */;
			buildPhases = (
				82BE2F4023D97D9C00B3678A /* Sources */,
				82BE2F4123D97D9C00B3678A /* Frameworks */,
				82BE2F4223D97D9C00B3678A /* Resources */,
				82BE2F8323D9A5E500B3678A /* ShellScript */,
				8246DB3B25716DF900F5D87E /* Embed Frameworks */,
				8246DB3D257174A500F5D87E /* ShellScript */,
			);
			buildRules = (
			);
			dependencies = (
			);
			name = pabau2;
			packageProductDependencies = (
				82182C4625265C5D00E5479F /* Calendar */,
				82182C4825265C5D00E5479F /* Clients */,
				82182C4C25265C5D00E5479F /* Form */,
				82182C4E25265C5D00E5479F /* FSCalendarSwiftUI */,
				82182C5025265C5D00E5479F /* Journey */,
				82182C5225265C5D00E5479F /* Login */,
				82182C5425265C5D00E5479F /* Model */,
				82182C5625265C5D00E5479F /* Util */,
				74DD9D33256EAB1A00CC3920 /* Communication */,
				0854E6B425F12331007087B8 /* EPaper */,
			);
			productName = pabau2;
			productReference = 82BE2F4423D97D9C00B3678A /* pabau2.app */;
			productType = "com.apple.product-type.application";
		};
/* End PBXNativeTarget section */

/* Begin PBXProject section */
		82BE2F3C23D97D9C00B3678A /* Project object */ = {
			isa = PBXProject;
			attributes = {
				LastSwiftUpdateCheck = 1130;
				LastUpgradeCheck = 1220;
				ORGANIZATIONNAME = "Andrej Trajkovski";
				TargetAttributes = {
					82BE2F4323D97D9C00B3678A = {
						CreatedOnToolsVersion = 11.2.1;
					};
				};
			};
			buildConfigurationList = 82BE2F3F23D97D9C00B3678A /* Build configuration list for PBXProject "pabau2" */;
			compatibilityVersion = "Xcode 9.3";
			developmentRegion = en;
			hasScannedForEncodings = 0;
			knownRegions = (
				en,
				Base,
				fr,
			);
			mainGroup = 82BE2F3B23D97D9C00B3678A;
			packageReferences = (
				8280D4822463F2BE0077A73F /* XCRemoteSwiftPackageReference "swift-composable-architecture" */,
				820C74E224FFA8BE00B7542F /* XCRemoteSwiftPackageReference "swift-tagged" */,
			);
			productRefGroup = 82BE2F4523D97D9C00B3678A /* Products */;
			projectDirPath = "";
			projectRoot = "";
			targets = (
				82BE2F4323D97D9C00B3678A /* pabau2 */,
			);
		};
/* End PBXProject section */

/* Begin PBXResourcesBuildPhase section */
		82BE2F4223D97D9C00B3678A /* Resources */ = {
			isa = PBXResourcesBuildPhase;
			buildActionMask = 2147483647;
			files = (
				825BE7EA2436226300422910 /* checkIn.mp4 in Resources */,
				82BE2F5123D97D9F00B3678A /* Preview Assets.xcassets in Resources */,
				8297A2B523D9BA0200D091FF /* Localizable.strings in Resources */,
				82BE2F4E23D97D9F00B3678A /* Assets.xcassets in Resources */,
				08C726EB25876D9700F622CB /* SFProText-Semibold.ttf in Resources */,
				08C726E925876D9100F622CB /* SFProText-Medium.ttf in Resources */,
				745E58A225D28B3A00EDD10D /* Appointments in Resources */,
				08C726EA25876D9400F622CB /* SFProText-MediumItalic.ttf in Resources */,
			);
			runOnlyForDeploymentPostprocessing = 0;
		};
/* End PBXResourcesBuildPhase section */

/* Begin PBXShellScriptBuildPhase section */
		8246DB3D257174A500F5D87E /* ShellScript */ = {
			isa = PBXShellScriptBuildPhase;
			buildActionMask = 2147483647;
			files = (
			);
			inputFileListPaths = (
			);
			inputPaths = (
			);
			outputFileListPaths = (
			);
			outputPaths = (
			);
			runOnlyForDeploymentPostprocessing = 0;
			shellPath = /bin/sh;
			shellScript = "APP_PATH=\"${TARGET_BUILD_DIR}/${WRAPPER_NAME}\"\n\n# This script loops through the frameworks embedded in the application and\n# removes unused architectures.\nfind \"$APP_PATH\" -name '*.framework' -type d | while read -r FRAMEWORK\ndo\n    FRAMEWORK_EXECUTABLE_NAME=$(defaults read \"$FRAMEWORK/Info.plist\" CFBundleExecutable)\n    FRAMEWORK_EXECUTABLE_PATH=\"$FRAMEWORK/$FRAMEWORK_EXECUTABLE_NAME\"\n    echo \"Executable is $FRAMEWORK_EXECUTABLE_PATH\"\n\n    EXTRACTED_ARCHS=()\n\n    for ARCH in $ARCHS\n    do\n        echo \"Extracting $ARCH from $FRAMEWORK_EXECUTABLE_NAME\"\n        lipo -extract \"$ARCH\" \"$FRAMEWORK_EXECUTABLE_PATH\" -o \"$FRAMEWORK_EXECUTABLE_PATH-$ARCH\"\n        EXTRACTED_ARCHS+=(\"$FRAMEWORK_EXECUTABLE_PATH-$ARCH\")\n    done\n\n    echo \"Merging extracted architectures: ${ARCHS}\"\n    lipo -o \"$FRAMEWORK_EXECUTABLE_PATH-merged\" -create \"${EXTRACTED_ARCHS[@]}\"\n    rm \"${EXTRACTED_ARCHS[@]}\"\n\n    echo \"Replacing original executable with thinned version\"\n    rm \"$FRAMEWORK_EXECUTABLE_PATH\"\n    mv \"$FRAMEWORK_EXECUTABLE_PATH-merged\" \"$FRAMEWORK_EXECUTABLE_PATH\"\n\ndone\n";
		};
		82BE2F8323D9A5E500B3678A /* ShellScript */ = {
			isa = PBXShellScriptBuildPhase;
			buildActionMask = 2147483647;
			files = (
			);
			inputFileListPaths = (
			);
			inputPaths = (
			);
			outputFileListPaths = (
			);
			outputPaths = (
			);
			runOnlyForDeploymentPostprocessing = 0;
			shellPath = /bin/sh;
			shellScript = "if which swiftlint >/dev/null; then\n  swiftlint\nelse\n  echo \"warning: SwiftLint not installed, download from https://github.com/realm/SwiftLint\"\nfi\n";
		};
/* End PBXShellScriptBuildPhase section */

/* Begin PBXSourcesBuildPhase section */
		82BE2F4023D97D9C00B3678A /* Sources */ = {
			isa = PBXSourcesBuildPhase;
			buildActionMask = 2147483647;
			files = (
				82811EF423E06BCB0066AFDC /* ContentView.swift in Sources */,
				82BE2F4823D97D9C00B3678A /* AppDelegate.swift in Sources */,
				82F6ADAE23F2C7B1001B3ACE /* PabauTabBar.swift in Sources */,
				82BE2F4A23D97D9C00B3678A /* SceneDelegate.swift in Sources */,
			);
			runOnlyForDeploymentPostprocessing = 0;
		};
/* End PBXSourcesBuildPhase section */

/* Begin PBXVariantGroup section */
		8297A2B223D9BA0200D091FF /* Localizable.strings */ = {
			isa = PBXVariantGroup;
			children = (
				8297A2B323D9BA0200D091FF /* en */,
				8297A2B423D9BA0200D091FF /* fr */,
			);
			name = Localizable.strings;
			sourceTree = "<group>";
		};
/* End PBXVariantGroup section */

/* Begin XCBuildConfiguration section */
		82BE2F5623D97D9F00B3678A /* Debug */ = {
			isa = XCBuildConfiguration;
			buildSettings = {
				ALWAYS_EMBED_SWIFT_STANDARD_LIBRARIES = NO;
				ALWAYS_SEARCH_USER_PATHS = NO;
				CLANG_ANALYZER_LOCALIZABILITY_NONLOCALIZED = YES;
				CLANG_ANALYZER_NONNULL = YES;
				CLANG_ANALYZER_NUMBER_OBJECT_CONVERSION = YES_AGGRESSIVE;
				CLANG_CXX_LANGUAGE_STANDARD = "gnu++14";
				CLANG_CXX_LIBRARY = "libc++";
				CLANG_ENABLE_MODULES = YES;
				CLANG_ENABLE_OBJC_ARC = YES;
				CLANG_ENABLE_OBJC_WEAK = YES;
				CLANG_WARN_BLOCK_CAPTURE_AUTORELEASING = YES;
				CLANG_WARN_BOOL_CONVERSION = YES;
				CLANG_WARN_COMMA = YES;
				CLANG_WARN_CONSTANT_CONVERSION = YES;
				CLANG_WARN_DEPRECATED_OBJC_IMPLEMENTATIONS = YES;
				CLANG_WARN_DIRECT_OBJC_ISA_USAGE = YES_ERROR;
				CLANG_WARN_DOCUMENTATION_COMMENTS = YES;
				CLANG_WARN_EMPTY_BODY = YES;
				CLANG_WARN_ENUM_CONVERSION = YES;
				CLANG_WARN_INFINITE_RECURSION = YES;
				CLANG_WARN_INT_CONVERSION = YES;
				CLANG_WARN_NON_LITERAL_NULL_CONVERSION = YES;
				CLANG_WARN_OBJC_IMPLICIT_RETAIN_SELF = YES;
				CLANG_WARN_OBJC_LITERAL_CONVERSION = YES;
				CLANG_WARN_OBJC_ROOT_CLASS = YES_ERROR;
				CLANG_WARN_QUOTED_INCLUDE_IN_FRAMEWORK_HEADER = YES;
				CLANG_WARN_RANGE_LOOP_ANALYSIS = YES;
				CLANG_WARN_STRICT_PROTOTYPES = YES;
				CLANG_WARN_SUSPICIOUS_MOVE = YES;
				CLANG_WARN_UNGUARDED_AVAILABILITY = YES_AGGRESSIVE;
				CLANG_WARN_UNREACHABLE_CODE = YES;
				CLANG_WARN__DUPLICATE_METHOD_MATCH = YES;
				COPY_PHASE_STRIP = NO;
				DEBUG_INFORMATION_FORMAT = dwarf;
				ENABLE_STRICT_OBJC_MSGSEND = YES;
				ENABLE_TESTABILITY = YES;
				GCC_C_LANGUAGE_STANDARD = gnu11;
				GCC_DYNAMIC_NO_PIC = NO;
				GCC_NO_COMMON_BLOCKS = YES;
				GCC_OPTIMIZATION_LEVEL = 0;
				GCC_PREPROCESSOR_DEFINITIONS = (
					"DEBUG=1",
					"$(inherited)",
				);
				GCC_WARN_64_TO_32_BIT_CONVERSION = YES;
				GCC_WARN_ABOUT_RETURN_TYPE = YES_ERROR;
				GCC_WARN_UNDECLARED_SELECTOR = YES;
				GCC_WARN_UNINITIALIZED_AUTOS = YES_AGGRESSIVE;
				GCC_WARN_UNUSED_FUNCTION = YES;
				GCC_WARN_UNUSED_VARIABLE = YES;
				IPHONEOS_DEPLOYMENT_TARGET = 14.0;
				MTL_ENABLE_DEBUG_INFO = INCLUDE_SOURCE;
				MTL_FAST_MATH = YES;
				ONLY_ACTIVE_ARCH = YES;
				SDKROOT = iphoneos;
				SWIFT_ACTIVE_COMPILATION_CONDITIONS = DEBUG;
				SWIFT_OPTIMIZATION_LEVEL = "-Onone";
			};
			name = Debug;
		};
		82BE2F5723D97D9F00B3678A /* Release */ = {
			isa = XCBuildConfiguration;
			buildSettings = {
				ALWAYS_EMBED_SWIFT_STANDARD_LIBRARIES = NO;
				ALWAYS_SEARCH_USER_PATHS = NO;
				CLANG_ANALYZER_LOCALIZABILITY_NONLOCALIZED = YES;
				CLANG_ANALYZER_NONNULL = YES;
				CLANG_ANALYZER_NUMBER_OBJECT_CONVERSION = YES_AGGRESSIVE;
				CLANG_CXX_LANGUAGE_STANDARD = "gnu++14";
				CLANG_CXX_LIBRARY = "libc++";
				CLANG_ENABLE_MODULES = YES;
				CLANG_ENABLE_OBJC_ARC = YES;
				CLANG_ENABLE_OBJC_WEAK = YES;
				CLANG_WARN_BLOCK_CAPTURE_AUTORELEASING = YES;
				CLANG_WARN_BOOL_CONVERSION = YES;
				CLANG_WARN_COMMA = YES;
				CLANG_WARN_CONSTANT_CONVERSION = YES;
				CLANG_WARN_DEPRECATED_OBJC_IMPLEMENTATIONS = YES;
				CLANG_WARN_DIRECT_OBJC_ISA_USAGE = YES_ERROR;
				CLANG_WARN_DOCUMENTATION_COMMENTS = YES;
				CLANG_WARN_EMPTY_BODY = YES;
				CLANG_WARN_ENUM_CONVERSION = YES;
				CLANG_WARN_INFINITE_RECURSION = YES;
				CLANG_WARN_INT_CONVERSION = YES;
				CLANG_WARN_NON_LITERAL_NULL_CONVERSION = YES;
				CLANG_WARN_OBJC_IMPLICIT_RETAIN_SELF = YES;
				CLANG_WARN_OBJC_LITERAL_CONVERSION = YES;
				CLANG_WARN_OBJC_ROOT_CLASS = YES_ERROR;
				CLANG_WARN_QUOTED_INCLUDE_IN_FRAMEWORK_HEADER = YES;
				CLANG_WARN_RANGE_LOOP_ANALYSIS = YES;
				CLANG_WARN_STRICT_PROTOTYPES = YES;
				CLANG_WARN_SUSPICIOUS_MOVE = YES;
				CLANG_WARN_UNGUARDED_AVAILABILITY = YES_AGGRESSIVE;
				CLANG_WARN_UNREACHABLE_CODE = YES;
				CLANG_WARN__DUPLICATE_METHOD_MATCH = YES;
				COPY_PHASE_STRIP = NO;
				DEBUG_INFORMATION_FORMAT = "dwarf-with-dsym";
				ENABLE_NS_ASSERTIONS = NO;
				ENABLE_STRICT_OBJC_MSGSEND = YES;
				ENABLE_TESTABILITY = YES;
				GCC_C_LANGUAGE_STANDARD = gnu11;
				GCC_NO_COMMON_BLOCKS = YES;
				GCC_WARN_64_TO_32_BIT_CONVERSION = YES;
				GCC_WARN_ABOUT_RETURN_TYPE = YES_ERROR;
				GCC_WARN_UNDECLARED_SELECTOR = YES;
				GCC_WARN_UNINITIALIZED_AUTOS = YES_AGGRESSIVE;
				GCC_WARN_UNUSED_FUNCTION = YES;
				GCC_WARN_UNUSED_VARIABLE = YES;
				IPHONEOS_DEPLOYMENT_TARGET = 14.0;
				MTL_ENABLE_DEBUG_INFO = NO;
				MTL_FAST_MATH = YES;
				SDKROOT = iphoneos;
				SWIFT_COMPILATION_MODE = wholemodule;
				SWIFT_OPTIMIZATION_LEVEL = "-O";
				VALIDATE_PRODUCT = YES;
			};
			name = Release;
		};
		82BE2F5923D97D9F00B3678A /* Debug */ = {
			isa = XCBuildConfiguration;
			buildSettings = {
				ASSETCATALOG_COMPILER_APPICON_NAME = AppIcon;
				ASSETCATALOG_COMPILER_LAUNCHIMAGE_NAME = LaunchImage;
				CODE_SIGN_IDENTITY = "Apple Development";
				CODE_SIGN_STYLE = Automatic;
				CURRENT_PROJECT_VERSION = 22;
				DEVELOPMENT_ASSET_PATHS = "\"pabau2/Preview Content\"";
				DEVELOPMENT_TEAM = 7M6BMQR36X;
				ENABLE_BITCODE = NO;
				ENABLE_PREVIEWS = YES;
				FRAMEWORK_SEARCH_PATHS = (
					"$(inherited)",
					"$(PROJECT_DIR)/pabau2",
				);
				INFOPLIST_FILE = pabau2/src/Info.plist;
				IPHONEOS_DEPLOYMENT_TARGET = 14.0;
				LD_RUNPATH_SEARCH_PATHS = (
					"$(inherited)",
					"@executable_path/Frameworks",
				);
				MARKETING_VERSION = 0.1;
				PRODUCT_BUNDLE_IDENTIFIER = com.pabau.pabautwo;
				PRODUCT_NAME = "$(TARGET_NAME)";
				PROVISIONING_PROFILE_SPECIFIER = "";
				SWIFT_VERSION = 5.0;
				TARGETED_DEVICE_FAMILY = "1,2";
				VALIDATE_WORKSPACE = YES;
			};
			name = Debug;
		};
		82BE2F5A23D97D9F00B3678A /* Release */ = {
			isa = XCBuildConfiguration;
			buildSettings = {
				ASSETCATALOG_COMPILER_APPICON_NAME = AppIcon;
				ASSETCATALOG_COMPILER_LAUNCHIMAGE_NAME = LaunchImage;
				CODE_SIGN_IDENTITY = "Apple Development";
				CODE_SIGN_STYLE = Automatic;
				CURRENT_PROJECT_VERSION = 22;
				DEVELOPMENT_ASSET_PATHS = "\"pabau2/Preview Content\"";
				DEVELOPMENT_TEAM = 7M6BMQR36X;
				ENABLE_BITCODE = NO;
				ENABLE_PREVIEWS = YES;
				FRAMEWORK_SEARCH_PATHS = (
					"$(inherited)",
					"$(PROJECT_DIR)/pabau2",
				);
				INFOPLIST_FILE = pabau2/src/Info.plist;
				IPHONEOS_DEPLOYMENT_TARGET = 14.0;
				LD_RUNPATH_SEARCH_PATHS = (
					"$(inherited)",
					"@executable_path/Frameworks",
				);
				MARKETING_VERSION = 0.1;
				PRODUCT_BUNDLE_IDENTIFIER = com.pabau.pabautwo;
				PRODUCT_NAME = "$(TARGET_NAME)";
				PROVISIONING_PROFILE_SPECIFIER = "";
				SWIFT_VERSION = 5.0;
				TARGETED_DEVICE_FAMILY = "1,2";
				VALIDATE_WORKSPACE = YES;
			};
			name = Release;
		};
/* End XCBuildConfiguration section */

/* Begin XCConfigurationList section */
		82BE2F3F23D97D9C00B3678A /* Build configuration list for PBXProject "pabau2" */ = {
			isa = XCConfigurationList;
			buildConfigurations = (
				82BE2F5623D97D9F00B3678A /* Debug */,
				82BE2F5723D97D9F00B3678A /* Release */,
			);
			defaultConfigurationIsVisible = 0;
			defaultConfigurationName = Release;
		};
		82BE2F5823D97D9F00B3678A /* Build configuration list for PBXNativeTarget "pabau2" */ = {
			isa = XCConfigurationList;
			buildConfigurations = (
				82BE2F5923D97D9F00B3678A /* Debug */,
				82BE2F5A23D97D9F00B3678A /* Release */,
			);
			defaultConfigurationIsVisible = 0;
			defaultConfigurationName = Release;
		};
/* End XCConfigurationList section */

/* Begin XCRemoteSwiftPackageReference section */
		820C74E224FFA8BE00B7542F /* XCRemoteSwiftPackageReference "swift-tagged" */ = {
			isa = XCRemoteSwiftPackageReference;
			repositoryURL = "https://github.com/pointfreeco/swift-tagged.git";
			requirement = {
				kind = upToNextMajorVersion;
				minimumVersion = 0.5.0;
			};
		};
		8280D4822463F2BE0077A73F /* XCRemoteSwiftPackageReference "swift-composable-architecture" */ = {
			isa = XCRemoteSwiftPackageReference;
			repositoryURL = "https://github.com/pointfreeco/swift-composable-architecture.git";
			requirement = {
				kind = upToNextMajorVersion;
				minimumVersion = 0.6.0;
			};
		};
/* End XCRemoteSwiftPackageReference section */

/* Begin XCSwiftPackageProductDependency section */
		0854E6B425F12331007087B8 /* EPaper */ = {
			isa = XCSwiftPackageProductDependency;
			productName = EPaper;
		};
		74DD9D33256EAB1A00CC3920 /* Communication */ = {
			isa = XCSwiftPackageProductDependency;
			productName = Communication;
		};
		82182C4625265C5D00E5479F /* Calendar */ = {
			isa = XCSwiftPackageProductDependency;
			productName = Calendar;
		};
		82182C4825265C5D00E5479F /* Clients */ = {
			isa = XCSwiftPackageProductDependency;
			productName = Clients;
		};
		82182C4C25265C5D00E5479F /* Form */ = {
			isa = XCSwiftPackageProductDependency;
			productName = Form;
		};
		82182C4E25265C5D00E5479F /* FSCalendarSwiftUI */ = {
			isa = XCSwiftPackageProductDependency;
			productName = FSCalendarSwiftUI;
		};
		82182C5025265C5D00E5479F /* Journey */ = {
			isa = XCSwiftPackageProductDependency;
			productName = Journey;
		};
		82182C5225265C5D00E5479F /* Login */ = {
			isa = XCSwiftPackageProductDependency;
			productName = Login;
		};
		82182C5425265C5D00E5479F /* Model */ = {
			isa = XCSwiftPackageProductDependency;
			productName = Model;
		};
		82182C5625265C5D00E5479F /* Util */ = {
			isa = XCSwiftPackageProductDependency;
			productName = Util;
		};
/* End XCSwiftPackageProductDependency section */
	};
	rootObject = 82BE2F3C23D97D9C00B3678A /* Project object */;
}
